# This file was autogenerated by Stack.
# You should not edit this file by hand.
# For more information, please see the documentation at:
#   https://docs.haskellstack.org/en/stable/lock_files

packages: []
snapshots:
- completed:
    size: 596355
    url: https://raw.githubusercontent.com/commercialhaskell/stackage-snapshots/master/nightly/2021/11/14.yaml
    sha256: 64de3cf06afed251a84103755277675580dc1bdceeb2533f7cd576072407527a
  original: nightly-2021-11-14
