{
  "nodes": {
    "architext-nvim": {
      "flake": false,
      "locked": {
        "lastModified": 1683960628,
        "narHash": "sha256-HML/9G8P3QxWIF2yW2j4pxbb5w0GMAU0K/8Pg0jrf7Q=",
        "owner": "vigoux",
        "repo": "architext.nvim",
        "rev": "8a7544479fe68252d7d6e036232031aa310b263e",
        "type": "github"
      },
      "original": {
        "owner": "vigoux",
        "repo": "architext.nvim",
        "type": "github"
      }
    },
    "darwin": {
      "inputs": {
        "nixpkgs": [
          "nixpkgs"
        ]
      },
      "locked": {
        "lastModified": 1703887437,
        "narHash": "sha256-awkp9jyXf8aV9eDWhLdKUqUdg9HfZKe0NdQebSiC0VA=",
        "owner": "lnl7",
        "repo": "nix-darwin",
        "rev": "0a3afdc60042d8e1c2deb63bdfa017acc424a397",
        "type": "github"
      },
      "original": {
        "owner": "lnl7",
        "ref": "master",
        "repo": "nix-darwin",
        "type": "github"
      }
    },
    "fidget-nvim": {
      "flake": false,
      "locked": {
        "lastModified": 1699509702,
        "narHash": "sha256-8Gl2Ck4YJGReSEq1Xeh1dpdRq4eImmrxvIHrfxdem3Q=",
        "owner": "j-hui",
        "repo": "fidget.nvim",
        "rev": "2f7c08f45639a64a5c0abcf67321d52c3f499ae6",
        "type": "github"
      },
      "original": {
        "owner": "j-hui",
        "ref": "legacy",
        "repo": "fidget.nvim",
        "type": "github"
      }
    },
    "flake-parts": {
      "inputs": {
        "nixpkgs-lib": "nixpkgs-lib"
      },
      "locked": {
        "lastModified": 1701473968,
        "narHash": "sha256-YcVE5emp1qQ8ieHUnxt1wCZCC3ZfAS+SRRWZ2TMda7E=",
        "owner": "hercules-ci",
        "repo": "flake-parts",
        "rev": "34fed993f1674c8d06d58b37ce1e0fe5eebcb9f5",
        "type": "github"
      },
      "original": {
        "owner": "hercules-ci",
        "repo": "flake-parts",
        "type": "github"
      }
    },
    "flake-utils": {
      "inputs": {
        "systems": "systems"
      },
      "locked": {
        "lastModified": 1701680307,
        "narHash": "sha256-kAuep2h5ajznlPMD9rnQyffWG8EM/C73lejGofXvdM8=",
        "owner": "numtide",
        "repo": "flake-utils",
        "rev": "4022d587cbbfd70fe950c1e2083a02621806a725",
        "type": "github"
      },
      "original": {
        "owner": "numtide",
        "repo": "flake-utils",
        "type": "github"
      }
    },
    "flake-utils_2": {
      "inputs": {
        "systems": "systems_2"
      },
      "locked": {
        "lastModified": 1701680307,
        "narHash": "sha256-kAuep2h5ajznlPMD9rnQyffWG8EM/C73lejGofXvdM8=",
        "owner": "numtide",
        "repo": "flake-utils",
        "rev": "4022d587cbbfd70fe950c1e2083a02621806a725",
        "type": "github"
      },
      "original": {
        "owner": "numtide",
        "repo": "flake-utils",
        "type": "github"
      }
    },
    "home-manager": {
      "inputs": {
        "nixpkgs": [
          "nixpkgs"
        ]
      },
      "locked": {
        "lastModified": 1703838268,
        "narHash": "sha256-SRg5nXcdPnrsQR2MTAp7en0NyJnQ2wB1ivmsgEbvN+o=",
        "owner": "nix-community",
        "repo": "home-manager",
        "rev": "2aff324cf65f5f98f89d878c056b779466b17db8",
        "type": "github"
      },
      "original": {
        "owner": "nix-community",
        "repo": "home-manager",
        "type": "github"
      }
    },
    "lsp-inlayhints-nvim": {
      "flake": false,
      "locked": {
        "lastModified": 1686236485,
        "narHash": "sha256-06CiJ+xeMO4+OJkckcslqwloJyt2gwg514JuxV6KOfQ=",
        "owner": "lvimuser",
        "repo": "lsp-inlayhints.nvim",
        "rev": "d981f65c9ae0b6062176f0accb9c151daeda6f16",
        "type": "github"
      },
      "original": {
        "owner": "lvimuser",
        "repo": "lsp-inlayhints.nvim",
        "type": "github"
      }
    },
    "neovim-nightly": {
      "inputs": {
        "flake-utils": "flake-utils_2",
        "nixpkgs": [
          "nixpkgs"
        ]
      },
      "locked": {
        "dir": "contrib",
        "lastModified": 1703901477,
        "narHash": "sha256-b3iDPyFJDAhjepPm8swqd1AKd6TtuCjVGr/IweS7Mx0=",
        "owner": "neovim",
        "repo": "neovim",
        "rev": "dd00b6b442a6d3a8a4758b0ee10ac93d07e7db72",
        "type": "github"
      },
      "original": {
        "dir": "contrib",
        "owner": "neovim",
        "repo": "neovim",
        "type": "github"
      }
    },
    "nix-gaming": {
      "inputs": {
        "flake-parts": "flake-parts",
        "nixpkgs": "nixpkgs"
      },
      "locked": {
        "lastModified": 1703898686,
        "narHash": "sha256-5ZQF3H76lWjyGSN27gUTWYDy3tXkzRvFKfxhKUa/kAs=",
        "owner": "fufexan",
        "repo": "nix-gaming",
        "rev": "154e9a41ccc4557dcfa5708b3e9276a07ba461d4",
        "type": "github"
      },
      "original": {
        "owner": "fufexan",
        "repo": "nix-gaming",
        "type": "github"
      }
    },
    "nixpkgs": {
      "locked": {
        "lastModified": 1703134684,
        "narHash": "sha256-SQmng1EnBFLzS7WSRyPM9HgmZP2kLJcPAz+Ug/nug6o=",
        "owner": "NixOS",
        "repo": "nixpkgs",
        "rev": "d6863cbcbbb80e71cecfc03356db1cda38919523",
        "type": "github"
      },
      "original": {
        "owner": "NixOS",
        "ref": "nixpkgs-unstable",
        "repo": "nixpkgs",
        "type": "github"
      }
    },
    "nixpkgs-lib": {
      "locked": {
        "dir": "lib",
        "lastModified": 1701253981,
        "narHash": "sha256-ztaDIyZ7HrTAfEEUt9AtTDNoCYxUdSd6NrRHaYOIxtk=",
        "owner": "NixOS",
        "repo": "nixpkgs",
        "rev": "e92039b55bcd58469325ded85d4f58dd5a4eaf58",
        "type": "github"
      },
      "original": {
        "dir": "lib",
        "owner": "NixOS",
        "ref": "nixos-unstable",
        "repo": "nixpkgs",
        "type": "github"
      }
    },
    "nixpkgs-stable": {
      "locked": {
        "lastModified": 1703351344,
        "narHash": "sha256-9FEelzftkE9UaJ5nqxidaJJPEhe9TPhbypLHmc2Mysc=",
        "owner": "NixOS",
        "repo": "nixpkgs",
        "rev": "7790e078f8979a9fcd543f9a47427eeaba38f268",
        "type": "github"
      },
      "original": {
        "owner": "NixOS",
        "ref": "release-23.05",
        "repo": "nixpkgs",
        "type": "github"
      }
    },
    "nixpkgs_2": {
      "locked": {
        "lastModified": 1703438236,
        "narHash": "sha256-aqVBq1u09yFhL7bj1/xyUeJjzr92fXVvQSSEx6AdB1M=",
        "owner": "NixOS",
        "repo": "nixpkgs",
        "rev": "5f64a12a728902226210bf01d25ec6cbb9d9265b",
        "type": "github"
      },
      "original": {
        "owner": "NixOS",
        "ref": "nixos-unstable",
        "repo": "nixpkgs",
        "type": "github"
      }
    },
    "nvim-colorscheme": {
      "flake": false,
      "locked": {
        "lastModified": 1702401201,
        "narHash": "sha256-pMTMktHwEf//tEm+SRb3HEUVh3aUy4Y/aea2SHOTB5s=",
        "owner": "cpea2506",
        "repo": "one_monokai.nvim",
        "rev": "864c9bd9f2ddffbae793e4ed10ec9ee6b63f9985",
        "type": "github"
      },
      "original": {
        "owner": "cpea2506",
        "repo": "one_monokai.nvim",
        "type": "github"
      }
    },
    "parinfer-rust": {
      "flake": false,
      "locked": {
        "lastModified": 1657346574,
        "narHash": "sha256-TJfeh3hQUXLjO1arFLkbQjodQvfkDojAnaALTmoZC4s=",
        "owner": "virchau13",
        "repo": "parinfer-rust",
        "rev": "de1c83e01df7492fcee3ebcb8c82d3f608d80134",
        "type": "github"
      },
      "original": {
        "owner": "virchau13",
        "ref": "replace-cargo-sha256",
        "repo": "parinfer-rust",
        "type": "github"
      }
    },
    "profile-nvim": {
      "flake": false,
      "locked": {
        "lastModified": 1699160592,
        "narHash": "sha256-0HnzEq2IEVLMtkHJZ8NXLimJJ8DAL8gtpyWvsUDG1ao=",
        "owner": "stevearc",
        "repo": "profile.nvim",
        "rev": "3c5aaf2f8b2e4c2bc48d2cde396a55892e0267ad",
        "type": "github"
      },
      "original": {
        "owner": "stevearc",
        "repo": "profile.nvim",
        "type": "github"
      }
    },
    "root": {
      "inputs": {
        "architext-nvim": "architext-nvim",
        "darwin": "darwin",
        "fidget-nvim": "fidget-nvim",
        "flake-utils": "flake-utils",
        "home-manager": "home-manager",
        "lsp-inlayhints-nvim": "lsp-inlayhints-nvim",
        "neovim-nightly": "neovim-nightly",
        "nix-gaming": "nix-gaming",
        "nixpkgs": "nixpkgs_2",
        "nvim-colorscheme": "nvim-colorscheme",
        "parinfer-rust": "parinfer-rust",
        "profile-nvim": "profile-nvim",
        "sexy_scroller-vim": "sexy_scroller-vim",
        "sops-nix": "sops-nix",
        "virt-column-nvim": "virt-column-nvim",
        "yuck-vim": "yuck-vim"
      }
    },
    "sexy_scroller-vim": {
      "flake": false,
      "locked": {
        "lastModified": 1667900247,
        "narHash": "sha256-eMYXrZTIjhe5ZcenPLUqSE5aj62kSUR45cEvuDArxLc=",
        "owner": "joeytwiddle",
        "repo": "sexy_scroller.vim",
        "rev": "4f6780102ac74e3473e9f6f3d48b6041975e4300",
        "type": "github"
      },
      "original": {
        "owner": "joeytwiddle",
        "repo": "sexy_scroller.vim",
        "type": "github"
      }
    },
    "sops-nix": {
      "inputs": {
        "nixpkgs": [
          "nixpkgs"
        ],
        "nixpkgs-stable": "nixpkgs-stable"
      },
      "locked": {
        "lastModified": 1703387502,
        "narHash": "sha256-JnWuQmyanPtF8c5yAEFXVWzaIlMxA3EAZCh8XNvnVqE=",
        "owner": "Mic92",
        "repo": "sops-nix",
        "rev": "e523e89763ff45f0a6cf15bcb1092636b1da9ed3",
        "type": "github"
      },
      "original": {
        "owner": "Mic92",
        "repo": "sops-nix",
        "type": "github"
      }
    },
    "systems": {
      "locked": {
        "lastModified": 1681028828,
        "narHash": "sha256-Vy1rq5AaRuLzOxct8nz4T6wlgyUR7zLU309k9mBC768=",
        "owner": "nix-systems",
        "repo": "default",
        "rev": "da67096a3b9bf56a91d16901293e51ba5b49a27e",
        "type": "github"
      },
      "original": {
        "owner": "nix-systems",
        "repo": "default",
        "type": "github"
      }
    },
    "systems_2": {
      "locked": {
        "lastModified": 1681028828,
        "narHash": "sha256-Vy1rq5AaRuLzOxct8nz4T6wlgyUR7zLU309k9mBC768=",
        "owner": "nix-systems",
        "repo": "default",
        "rev": "da67096a3b9bf56a91d16901293e51ba5b49a27e",
        "type": "github"
      },
      "original": {
        "owner": "nix-systems",
        "repo": "default",
        "type": "github"
      }
    },
    "virt-column-nvim": {
      "flake": false,
      "locked": {
        "lastModified": 1699857667,
        "narHash": "sha256-7ljjJ7UwN2U1xPCtsYbrKdnz6SGQGbM/HrxPTxNKlwo=",
        "owner": "lukas-reineke",
        "repo": "virt-column.nvim",
        "rev": "b62b4ef0774d19452d4ed18e473e824c7a756f2f",
        "type": "github"
      },
      "original": {
        "owner": "lukas-reineke",
        "repo": "virt-column.nvim",
        "type": "github"
      }
    },
    "yuck-vim": {
      "flake": false,
      "locked": {
        "lastModified": 1667045807,
        "narHash": "sha256-F7aS8d6jJQQoIGkG2o4KNnDZAIrq0c+otIHvjdoGbtY=",
        "owner": "elkowar",
        "repo": "yuck.vim",
        "rev": "9b5e0370f70cc30383e1dabd6c215475915fe5c3",
        "type": "github"
      },
      "original": {
        "owner": "elkowar",
        "repo": "yuck.vim",
        "type": "github"
      }
    }
  },
  "root": "root",
  "version": 7
}
