{
  "nodes": {
    "architext-nvim": {
      "flake": false,
      "locked": {
        "lastModified": 1683960628,
        "narHash": "sha256-HML/9G8P3QxWIF2yW2j4pxbb5w0GMAU0K/8Pg0jrf7Q=",
        "owner": "vigoux",
        "repo": "architext.nvim",
        "rev": "8a7544479fe68252d7d6e036232031aa310b263e",
        "type": "github"
      },
      "original": {
        "owner": "vigoux",
        "repo": "architext.nvim",
        "type": "github"
      }
    },
    "darwin": {
      "inputs": {
        "nixpkgs": [
          "nixpkgs"
        ]
      },
      "locked": {
        "lastModified": 1689163348,
        "narHash": "sha256-qL3FnBauu3PmYf0OZzv2cKtVyRg4ELVXPQl0AAYqlqs=",
        "owner": "lnl7",
        "repo": "nix-darwin",
        "rev": "43ce086813c83184b88f67fc544af2050a3035ba",
        "type": "github"
      },
      "original": {
        "owner": "lnl7",
        "ref": "master",
        "repo": "nix-darwin",
        "type": "github"
      }
    },
    "fidget-nvim": {
      "flake": false,
      "locked": {
        "lastModified": 1686378433,
        "narHash": "sha256-N3O/AvsD6Ckd62kDEN4z/K5A3SZNR15DnQeZhH6/Rr0=",
        "owner": "j-hui",
        "repo": "fidget.nvim",
        "rev": "90c22e47be057562ee9566bad313ad42d622c1d3",
        "type": "github"
      },
      "original": {
        "owner": "j-hui",
        "ref": "legacy",
        "repo": "fidget.nvim",
        "type": "github"
      }
    },
    "flake-parts": {
      "inputs": {
        "nixpkgs-lib": "nixpkgs-lib"
      },
      "locked": {
        "lastModified": 1688254665,
        "narHash": "sha256-8FHEgBrr7gYNiS/NzCxIO3m4hvtLRW9YY1nYo1ivm3o=",
        "owner": "hercules-ci",
        "repo": "flake-parts",
        "rev": "267149c58a14d15f7f81b4d737308421de9d7152",
        "type": "github"
      },
      "original": {
        "owner": "hercules-ci",
        "repo": "flake-parts",
        "type": "github"
      }
    },
    "flake-utils": {
      "inputs": {
        "systems": "systems"
      },
      "locked": {
        "lastModified": 1689068808,
        "narHash": "sha256-6ixXo3wt24N/melDWjq70UuHQLxGV8jZvooRanIHXw0=",
        "owner": "numtide",
        "repo": "flake-utils",
        "rev": "919d646de7be200f3bf08cb76ae1f09402b6f9b4",
        "type": "github"
      },
      "original": {
        "owner": "numtide",
        "repo": "flake-utils",
        "type": "github"
      }
    },
    "flake-utils_2": {
      "inputs": {
        "systems": "systems_2"
      },
      "locked": {
        "lastModified": 1685518550,
        "narHash": "sha256-o2d0KcvaXzTrPRIo0kOLV0/QXHhDQ5DTi+OxcjO8xqY=",
        "owner": "numtide",
        "repo": "flake-utils",
        "rev": "a1720a10a6cfe8234c0e93907ffe81be440f4cef",
        "type": "github"
      },
      "original": {
        "owner": "numtide",
        "repo": "flake-utils",
        "type": "github"
      }
    },
    "home-manager": {
      "inputs": {
        "nixpkgs": [
          "nixpkgs"
        ]
      },
      "locked": {
        "lastModified": 1689134369,
        "narHash": "sha256-0G9dutIvhS/WUr3Awcnqw71g8EVVvvkOhVDnDDbY4Fw=",
        "owner": "nix-community",
        "repo": "home-manager",
        "rev": "e42fb59768f0305085abde0dd27ab5e0cc15420c",
        "type": "github"
      },
      "original": {
        "owner": "nix-community",
        "repo": "home-manager",
        "type": "github"
      }
    },
    "lsp-inlayhints-nvim": {
      "flake": false,
      "locked": {
        "lastModified": 1686236485,
        "narHash": "sha256-06CiJ+xeMO4+OJkckcslqwloJyt2gwg514JuxV6KOfQ=",
        "owner": "lvimuser",
        "repo": "lsp-inlayhints.nvim",
        "rev": "d981f65c9ae0b6062176f0accb9c151daeda6f16",
        "type": "github"
      },
      "original": {
        "owner": "lvimuser",
        "repo": "lsp-inlayhints.nvim",
        "type": "github"
      }
    },
    "neovim-nightly": {
      "inputs": {
        "flake-utils": "flake-utils_2",
        "nixpkgs": "nixpkgs"
      },
      "locked": {
        "dir": "contrib",
        "lastModified": 1689129533,
        "narHash": "sha256-weblTqEh9qClHxChFpR9gHJXHfxDpid/wZEzgXxNAjU=",
        "owner": "neovim",
        "repo": "neovim",
        "rev": "ef94fb69c65bc2e4c67826de6373c202b55b7d5a",
        "type": "github"
      },
      "original": {
        "dir": "contrib",
        "owner": "neovim",
        "repo": "neovim",
        "type": "github"
      }
    },
    "nix-gaming": {
      "inputs": {
        "flake-parts": "flake-parts",
        "nixpkgs": "nixpkgs_2"
      },
      "locked": {
        "lastModified": 1688951979,
        "narHash": "sha256-5wGEXjNjlrVhP1tQUsBLjfT64uQ+b+jgc57MK/IvsW8=",
        "owner": "fufexan",
        "repo": "nix-gaming",
        "rev": "0bf7751f831cd2bd17b54805b96f91fadf00aca2",
        "type": "github"
      },
      "original": {
        "owner": "fufexan",
        "repo": "nix-gaming",
        "type": "github"
      }
    },
    "nixpkgs": {
      "locked": {
        "lastModified": 1686226982,
        "narHash": "sha256-nLuiPoeiVfqqzeq9rmXxpybh77VS37dsY/k8N2LoxVg=",
        "owner": "nixos",
        "repo": "nixpkgs",
        "rev": "a64b73e07d4aa65cfcbda29ecf78eaf9e72e44bd",
        "type": "github"
      },
      "original": {
        "owner": "nixos",
        "ref": "nixos-unstable",
        "repo": "nixpkgs",
        "type": "github"
      }
    },
    "nixpkgs-lib": {
      "locked": {
        "dir": "lib",
        "lastModified": 1688049487,
        "narHash": "sha256-100g4iaKC9MalDjUW9iN6Jl/OocTDtXdeAj7pEGIRh4=",
        "owner": "NixOS",
        "repo": "nixpkgs",
        "rev": "4bc72cae107788bf3f24f30db2e2f685c9298dc9",
        "type": "github"
      },
      "original": {
        "dir": "lib",
        "owner": "NixOS",
        "ref": "nixos-unstable",
        "repo": "nixpkgs",
        "type": "github"
      }
    },
    "nixpkgs-stable": {
      "locked": {
        "lastModified": 1688868408,
        "narHash": "sha256-RR9N5XTAxSBhK8MCvLq9uxfdkd7etC//seVXldy0k48=",
        "owner": "NixOS",
        "repo": "nixpkgs",
        "rev": "510d721ce097150ae3b80f84b04b13b039186571",
        "type": "github"
      },
      "original": {
        "owner": "NixOS",
        "ref": "release-23.05",
        "repo": "nixpkgs",
        "type": "github"
      }
    },
    "nixpkgs_2": {
      "locked": {
        "lastModified": 1688221086,
        "narHash": "sha256-cdW6qUL71cNWhHCpMPOJjlw0wzSRP0pVlRn2vqX/VVg=",
        "owner": "NixOS",
        "repo": "nixpkgs",
        "rev": "cd99c2b3c9f160cd004318e0697f90bbd5960825",
        "type": "github"
      },
      "original": {
        "owner": "NixOS",
        "ref": "nixpkgs-unstable",
        "repo": "nixpkgs",
        "type": "github"
      }
    },
    "nixpkgs_3": {
      "locked": {
        "lastModified": 1689008574,
        "narHash": "sha256-VFMgyHDiqsGDkRg73alv6OdHJAqhybryWHv77bSCGIw=",
        "owner": "NixOS",
        "repo": "nixpkgs",
        "rev": "4a729ce4b1fe5ec4fffc71c67c96aa5184ebb462",
        "type": "github"
      },
      "original": {
        "owner": "NixOS",
        "ref": "nixos-unstable",
        "repo": "nixpkgs",
        "type": "github"
      }
    },
    "nvim-colorscheme": {
      "flake": false,
      "locked": {
        "lastModified": 1688551127,
        "narHash": "sha256-UlymvQA/lDXN1yk5XQWCxORKpIZxI/vUhjAHskB3UhA=",
        "owner": "cpea2506",
        "repo": "one_monokai.nvim",
        "rev": "cb45ecb019be679e32373896bb42545818b6d884",
        "type": "github"
      },
      "original": {
        "owner": "cpea2506",
        "repo": "one_monokai.nvim",
        "type": "github"
      }
    },
    "parinfer-rust": {
      "flake": false,
      "locked": {
        "lastModified": 1657346574,
        "narHash": "sha256-TJfeh3hQUXLjO1arFLkbQjodQvfkDojAnaALTmoZC4s=",
        "owner": "virchau13",
        "repo": "parinfer-rust",
        "rev": "de1c83e01df7492fcee3ebcb8c82d3f608d80134",
        "type": "github"
      },
      "original": {
        "owner": "virchau13",
        "ref": "replace-cargo-sha256",
        "repo": "parinfer-rust",
        "type": "github"
      }
    },
    "profile-nvim": {
      "flake": false,
      "locked": {
        "lastModified": 1685719099,
        "narHash": "sha256-mMr6DagAWGfSYNGArgJJXh50RGIBV481nhkjITdYn+c=",
        "owner": "stevearc",
        "repo": "profile.nvim",
        "rev": "50fa2fe105e264d621977841eec07bbbcca1e220",
        "type": "github"
      },
      "original": {
        "owner": "stevearc",
        "repo": "profile.nvim",
        "type": "github"
      }
    },
    "root": {
      "inputs": {
        "architext-nvim": "architext-nvim",
        "darwin": "darwin",
        "fidget-nvim": "fidget-nvim",
        "flake-utils": "flake-utils",
        "home-manager": "home-manager",
        "lsp-inlayhints-nvim": "lsp-inlayhints-nvim",
        "neovim-nightly": "neovim-nightly",
        "nix-gaming": "nix-gaming",
        "nixpkgs": "nixpkgs_3",
        "nvim-colorscheme": "nvim-colorscheme",
        "parinfer-rust": "parinfer-rust",
        "profile-nvim": "profile-nvim",
        "sexy_scroller-vim": "sexy_scroller-vim",
        "sops-nix": "sops-nix",
        "virt-column-nvim": "virt-column-nvim",
        "xp-pen-nixpkgs": "xp-pen-nixpkgs",
        "yuck-vim": "yuck-vim"
      }
    },
    "sexy_scroller-vim": {
      "flake": false,
      "locked": {
        "lastModified": 1667900247,
        "narHash": "sha256-eMYXrZTIjhe5ZcenPLUqSE5aj62kSUR45cEvuDArxLc=",
        "owner": "joeytwiddle",
        "repo": "sexy_scroller.vim",
        "rev": "4f6780102ac74e3473e9f6f3d48b6041975e4300",
        "type": "github"
      },
      "original": {
        "owner": "joeytwiddle",
        "repo": "sexy_scroller.vim",
        "type": "github"
      }
    },
    "sops-nix": {
      "inputs": {
        "nixpkgs": [
          "nixpkgs"
        ],
        "nixpkgs-stable": "nixpkgs-stable"
      },
      "locked": {
        "lastModified": 1689149796,
        "narHash": "sha256-3FCUdayBHcxk6BZOxEIfa5UxbXNQzTc/VlN7ociI2Dw=",
        "owner": "Mic92",
        "repo": "sops-nix",
        "rev": "88b964df6981e4844c07be8c192aa6bdca768a10",
        "type": "github"
      },
      "original": {
        "owner": "Mic92",
        "repo": "sops-nix",
        "type": "github"
      }
    },
    "systems": {
      "locked": {
        "lastModified": 1681028828,
        "narHash": "sha256-Vy1rq5AaRuLzOxct8nz4T6wlgyUR7zLU309k9mBC768=",
        "owner": "nix-systems",
        "repo": "default",
        "rev": "da67096a3b9bf56a91d16901293e51ba5b49a27e",
        "type": "github"
      },
      "original": {
        "owner": "nix-systems",
        "repo": "default",
        "type": "github"
      }
    },
    "systems_2": {
      "locked": {
        "lastModified": 1681028828,
        "narHash": "sha256-Vy1rq5AaRuLzOxct8nz4T6wlgyUR7zLU309k9mBC768=",
        "owner": "nix-systems",
        "repo": "default",
        "rev": "da67096a3b9bf56a91d16901293e51ba5b49a27e",
        "type": "github"
      },
      "original": {
        "owner": "nix-systems",
        "repo": "default",
        "type": "github"
      }
    },
    "virt-column-nvim": {
      "flake": false,
      "locked": {
        "lastModified": 1674188823,
        "narHash": "sha256-6EbEzg2bfoHmVZyggwvsDlW9OOA4UkcfO0qG0TEDKQs=",
        "owner": "lukas-reineke",
        "repo": "virt-column.nvim",
        "rev": "93b40ea038f676f5a72d7d1f2336fe7b051fc0ce",
        "type": "github"
      },
      "original": {
        "owner": "lukas-reineke",
        "repo": "virt-column.nvim",
        "type": "github"
      }
    },
    "xp-pen-nixpkgs": {
      "locked": {
        "lastModified": 1683645868,
        "narHash": "sha256-Iyj9OzalqQmqZd3Mt7fCCxtvLbu88yzkjsEuLNPTXSg=",
        "owner": "bertof",
        "repo": "nixpkgs",
        "rev": "6ad253649458680e9444524e9c488fed9b449354",
        "type": "github"
      },
      "original": {
        "owner": "bertof",
        "repo": "nixpkgs",
        "rev": "6ad253649458680e9444524e9c488fed9b449354",
        "type": "github"
      }
    },
    "yuck-vim": {
      "flake": false,
      "locked": {
        "lastModified": 1667045807,
        "narHash": "sha256-F7aS8d6jJQQoIGkG2o4KNnDZAIrq0c+otIHvjdoGbtY=",
        "owner": "elkowar",
        "repo": "yuck.vim",
        "rev": "9b5e0370f70cc30383e1dabd6c215475915fe5c3",
        "type": "github"
      },
      "original": {
        "owner": "elkowar",
        "repo": "yuck.vim",
        "type": "github"
      }
    }
  },
  "root": "root",
  "version": 7
}
